// !$*UTF8*$!
{
	archiveVersion = 1;
	classes = {
	};
	objectVersion = 50;
	objects = {

/* Begin PBXBuildFile section */
		1A27404F26552E8800A7E99F /* AppDelegate.swift in Sources */ = {isa = PBXBuildFile; fileRef = 1A27404E26552E8800A7E99F /* AppDelegate.swift */; };
		1A27405126552E8800A7E99F /* SceneDelegate.swift in Sources */ = {isa = PBXBuildFile; fileRef = 1A27405026552E8800A7E99F /* SceneDelegate.swift */; };
		1A27405826552E8900A7E99F /* Assets.xcassets in Resources */ = {isa = PBXBuildFile; fileRef = 1A27405726552E8900A7E99F /* Assets.xcassets */; };
		1A27405B26552E8900A7E99F /* LaunchScreen.storyboard in Resources */ = {isa = PBXBuildFile; fileRef = 1A27405926552E8900A7E99F /* LaunchScreen.storyboard */; };
		1A2740652655476F00A7E99F /* WorkViewController.swift in Sources */ = {isa = PBXBuildFile; fileRef = 1A2740642655476F00A7E99F /* WorkViewController.swift */; };
		1A2740682655479B00A7E99F /* HobbieViewController.swift in Sources */ = {isa = PBXBuildFile; fileRef = 1A2740672655479B00A7E99F /* HobbieViewController.swift */; };
		1A27406B265547D300A7E99F /* FamilyVC.swift in Sources */ = {isa = PBXBuildFile; fileRef = 1A27406A265547D300A7E99F /* FamilyVC.swift */; };
		1A69262C2655F88D003B7328 /* MyViewController.swift in Sources */ = {isa = PBXBuildFile; fileRef = 1A69262B2655F88D003B7328 /* MyViewController.swift */; };
		1A9A63D7275C524000C32557 /* UIViewController+BorderRadiusImage.swift in Sources */ = {isa = PBXBuildFile; fileRef = 1A9A63D6275C524000C32557 /* UIViewController+BorderRadiusImage.swift */; };
		1A9A63DA275C579A00C32557 /* Main.storyboard in Resources */ = {isa = PBXBuildFile; fileRef = 1A9A63D8275C579A00C32557 /* Main.storyboard */; };
		1ABC1F4027FEF76300E88535 /* Family.storyboard in Resources */ = {isa = PBXBuildFile; fileRef = 1ABC1F3E27FEF76300E88535 /* Family.storyboard */; };
		1ABC1F4227FEF83900E88535 /* Work.storyboard in Resources */ = {isa = PBXBuildFile; fileRef = 1ABC1F4127FEF83900E88535 /* Work.storyboard */; };
		1ABC1F4527FEF85D00E88535 /* Hobbie.storyboard in Resources */ = {isa = PBXBuildFile; fileRef = 1ABC1F4327FEF85D00E88535 /* Hobbie.storyboard */; };
/* End PBXBuildFile section */

/* Begin PBXFileReference section */
		1A27404B26552E8800A7E99F /* About My.app */ = {isa = PBXFileReference; explicitFileType = wrapper.application; includeInIndex = 0; path = "About My.app"; sourceTree = BUILT_PRODUCTS_DIR; };
		1A27404E26552E8800A7E99F /* AppDelegate.swift */ = {isa = PBXFileReference; lastKnownFileType = sourcecode.swift; path = AppDelegate.swift; sourceTree = "<group>"; };
		1A27405026552E8800A7E99F /* SceneDelegate.swift */ = {isa = PBXFileReference; lastKnownFileType = sourcecode.swift; path = SceneDelegate.swift; sourceTree = "<group>"; };
		1A27405726552E8900A7E99F /* Assets.xcassets */ = {isa = PBXFileReference; lastKnownFileType = folder.assetcatalog; path = Assets.xcassets; sourceTree = "<group>"; };
		1A27405A26552E8900A7E99F /* Base */ = {isa = PBXFileReference; lastKnownFileType = file.storyboard; name = Base; path = Base.lproj/LaunchScreen.storyboard; sourceTree = "<group>"; };
		1A27405C26552E8900A7E99F /* Info.plist */ = {isa = PBXFileReference; lastKnownFileType = text.plist.xml; path = Info.plist; sourceTree = "<group>"; };
		1A2740642655476F00A7E99F /* WorkViewController.swift */ = {isa = PBXFileReference; lastKnownFileType = sourcecode.swift; path = WorkViewController.swift; sourceTree = "<group>"; };
		1A2740672655479B00A7E99F /* HobbieViewController.swift */ = {isa = PBXFileReference; lastKnownFileType = sourcecode.swift; path = HobbieViewController.swift; sourceTree = "<group>"; };
		1A27406A265547D300A7E99F /* FamilyVC.swift */ = {isa = PBXFileReference; lastKnownFileType = sourcecode.swift; path = FamilyVC.swift; sourceTree = "<group>"; };
		1A55385F2760CDDB0056D3A5 /* ru */ = {isa = PBXFileReference; lastKnownFileType = text.plist.strings; name = ru; path = ru.lproj/Main.strings; sourceTree = "<group>"; };
		1A69262B2655F88D003B7328 /* MyViewController.swift */ = {isa = PBXFileReference; lastKnownFileType = sourcecode.swift; path = MyViewController.swift; sourceTree = "<group>"; };
		1A9A63D6275C524000C32557 /* UIViewController+BorderRadiusImage.swift */ = {isa = PBXFileReference; lastKnownFileType = sourcecode.swift; path = "UIViewController+BorderRadiusImage.swift"; sourceTree = "<group>"; };
		1A9A63D9275C579A00C32557 /* Base */ = {isa = PBXFileReference; lastKnownFileType = file.storyboard; name = Base; path = Base.lproj/Main.storyboard; sourceTree = "<group>"; };
		1ABC1F3F27FEF76300E88535 /* Base */ = {isa = PBXFileReference; lastKnownFileType = file.storyboard; name = Base; path = "About My/View/Base.lproj/Family.storyboard"; sourceTree = "<group>"; };
		1ABC1F4127FEF83900E88535 /* Work.storyboard */ = {isa = PBXFileReference; fileEncoding = 4; lastKnownFileType = file.storyboard; name = Work.storyboard; path = "About My/View/Base.lproj/Work.storyboard"; sourceTree = "<group>"; };
		1ABC1F4427FEF85D00E88535 /* Base */ = {isa = PBXFileReference; lastKnownFileType = file.storyboard; name = Base; path = "About My/View/Base.lproj/Hobbie.storyboard"; sourceTree = "<group>"; };
/* End PBXFileReference section */

/* Begin PBXFrameworksBuildPhase section */
		1A27404826552E8800A7E99F /* Frameworks */ = {
			isa = PBXFrameworksBuildPhase;
			buildActionMask = 2147483647;
			files = (
			);
			runOnlyForDeploymentPostprocessing = 0;
		};
/* End PBXFrameworksBuildPhase section */

/* Begin PBXGroup section */
		1A27404226552E8800A7E99F = {
			isa = PBXGroup;
			children = (
				1A27404D26552E8800A7E99F /* About My */,
				1A27404C26552E8800A7E99F /* Products */,
			);
			sourceTree = "<group>";
		};
		1A27404C26552E8800A7E99F /* Products */ = {
			isa = PBXGroup;
			children = (
				1A27404B26552E8800A7E99F /* About My.app */,
			);
			name = Products;
			sourceTree = "<group>";
		};
		1A27404D26552E8800A7E99F /* About My */ = {
			isa = PBXGroup;
			children = (
				1ABC1F3A27FEF58000E88535 /* MainScreen */,
				1ABC1F3B27FEF59D00E88535 /* FamilyScreen */,
				1ABC1F3C27FEF5BB00E88535 /* WorkScreen */,
				1ABC1F3D27FEF5CC00E88535 /* HobbieScreen */,
				1A9A63D5275C514900C32557 /* Extensions */,
				1A9A63D1275C506600C32557 /* Support */,
			);
			path = "About My";
			sourceTree = "<group>";
		};
		1A9A63D1275C506600C32557 /* Support */ = {
			isa = PBXGroup;
			children = (
				1A27405926552E8900A7E99F /* LaunchScreen.storyboard */,
				1A27404E26552E8800A7E99F /* AppDelegate.swift */,
				1A27405026552E8800A7E99F /* SceneDelegate.swift */,
				1A27405726552E8900A7E99F /* Assets.xcassets */,
				1A27405C26552E8900A7E99F /* Info.plist */,
			);
			path = Support;
			sourceTree = "<group>";
		};
		1A9A63D5275C514900C32557 /* Extensions */ = {
			isa = PBXGroup;
			children = (
				1A9A63D6275C524000C32557 /* UIViewController+BorderRadiusImage.swift */,
			);
			path = Extensions;
			sourceTree = "<group>";
		};
		1ABC1F3A27FEF58000E88535 /* MainScreen */ = {
			isa = PBXGroup;
			children = (
				1A9A63D8275C579A00C32557 /* Main.storyboard */,
				1A69262B2655F88D003B7328 /* MyViewController.swift */,
			);
			path = MainScreen;
			sourceTree = "<group>";
		};
		1ABC1F3B27FEF59D00E88535 /* FamilyScreen */ = {
			isa = PBXGroup;
			children = (
				1ABC1F3E27FEF76300E88535 /* Family.storyboard */,
				1A27406A265547D300A7E99F /* FamilyVC.swift */,
			);
			path = FamilyScreen;
			sourceTree = "<group>";
		};
		1ABC1F3C27FEF5BB00E88535 /* WorkScreen */ = {
			isa = PBXGroup;
			children = (
				1ABC1F4127FEF83900E88535 /* Work.storyboard */,
				1A2740642655476F00A7E99F /* WorkViewController.swift */,
			);
			path = WorkScreen;
			sourceTree = "<group>";
		};
		1ABC1F3D27FEF5CC00E88535 /* HobbieScreen */ = {
			isa = PBXGroup;
			children = (
				1ABC1F4327FEF85D00E88535 /* Hobbie.storyboard */,
				1A2740672655479B00A7E99F /* HobbieViewController.swift */,
			);
			path = HobbieScreen;
			sourceTree = "<group>";
		};
/* End PBXGroup section */

/* Begin PBXNativeTarget section */
		1A27404A26552E8800A7E99F /* About My */ = {
			isa = PBXNativeTarget;
			buildConfigurationList = 1A27405F26552E8900A7E99F /* Build configuration list for PBXNativeTarget "About My" */;
			buildPhases = (
				1A27404726552E8800A7E99F /* Sources */,
				1A27404826552E8800A7E99F /* Frameworks */,
				1A27404926552E8800A7E99F /* Resources */,
			);
			buildRules = (
			);
			dependencies = (
			);
			name = "About My";
			productName = "My summary";
			productReference = 1A27404B26552E8800A7E99F /* About My.app */;
			productType = "com.apple.product-type.application";
		};
/* End PBXNativeTarget section */

/* Begin PBXProject section */
		1A27404326552E8800A7E99F /* Project object */ = {
			isa = PBXProject;
			attributes = {
				LastSwiftUpdateCheck = 1240;
				LastUpgradeCheck = 1240;
				TargetAttributes = {
					1A27404A26552E8800A7E99F = {
						CreatedOnToolsVersion = 12.4;
					};
				};
			};
			buildConfigurationList = 1A27404626552E8800A7E99F /* Build configuration list for PBXProject "About My" */;
			compatibilityVersion = "Xcode 9.3";
			developmentRegion = en;
			hasScannedForEncodings = 0;
			knownRegions = (
				en,
				Base,
				ru,
			);
			mainGroup = 1A27404226552E8800A7E99F;
			productRefGroup = 1A27404C26552E8800A7E99F /* Products */;
			projectDirPath = "";
			projectRoot = "";
			targets = (
				1A27404A26552E8800A7E99F /* About My */,
			);
		};
/* End PBXProject section */

/* Begin PBXResourcesBuildPhase section */
		1A27404926552E8800A7E99F /* Resources */ = {
			isa = PBXResourcesBuildPhase;
			buildActionMask = 2147483647;
			files = (
				1A27405B26552E8900A7E99F /* LaunchScreen.storyboard in Resources */,
				1A27405826552E8900A7E99F /* Assets.xcassets in Resources */,
				1ABC1F4227FEF83900E88535 /* Work.storyboard in Resources */,
				1ABC1F4027FEF76300E88535 /* Family.storyboard in Resources */,
				1A9A63DA275C579A00C32557 /* Main.storyboard in Resources */,
				1ABC1F4527FEF85D00E88535 /* Hobbie.storyboard in Resources */,
			);
			runOnlyForDeploymentPostprocessing = 0;
		};
/* End PBXResourcesBuildPhase section */

/* Begin PBXSourcesBuildPhase section */
		1A27404726552E8800A7E99F /* Sources */ = {
			isa = PBXSourcesBuildPhase;
			buildActionMask = 2147483647;
			files = (
				1A2740682655479B00A7E99F /* HobbieViewController.swift in Sources */,
				1A2740652655476F00A7E99F /* WorkViewController.swift in Sources */,
				1A69262C2655F88D003B7328 /* MyViewController.swift in Sources */,
				1A9A63D7275C524000C32557 /* UIViewController+BorderRadiusImage.swift in Sources */,
				1A27404F26552E8800A7E99F /* AppDelegate.swift in Sources */,
				1A27405126552E8800A7E99F /* SceneDelegate.swift in Sources */,
				1A27406B265547D300A7E99F /* FamilyVC.swift in Sources */,
			);
			runOnlyForDeploymentPostprocessing = 0;
		};
/* End PBXSourcesBuildPhase section */

/* Begin PBXVariantGroup section */
		1A27405926552E8900A7E99F /* LaunchScreen.storyboard */ = {
			isa = PBXVariantGroup;
			children = (
				1A27405A26552E8900A7E99F /* Base */,
			);
			name = LaunchScreen.storyboard;
			sourceTree = "<group>";
		};
		1A9A63D8275C579A00C32557 /* Main.storyboard */ = {
			isa = PBXVariantGroup;
			children = (
				1A9A63D9275C579A00C32557 /* Base */,
				1A55385F2760CDDB0056D3A5 /* ru */,
			);
			name = Main.storyboard;
			sourceTree = "<group>";
		};
		1ABC1F3E27FEF76300E88535 /* Family.storyboard */ = {
			isa = PBXVariantGroup;
			children = (
				1ABC1F3F27FEF76300E88535 /* Base */,
			);
			name = Family.storyboard;
			sourceTree = "<group>";
		};
		1ABC1F4327FEF85D00E88535 /* Hobbie.storyboard */ = {
			isa = PBXVariantGroup;
			children = (
				1ABC1F4427FEF85D00E88535 /* Base */,
			);
			name = Hobbie.storyboard;
			sourceTree = "<group>";
		};
/* End PBXVariantGroup section */

/* Begin XCBuildConfiguration section */
		1A27405D26552E8900A7E99F /* Debug */ = {
			isa = XCBuildConfiguration;
			buildSettings = {
				ALWAYS_SEARCH_USER_PATHS = NO;
				CLANG_ANALYZER_LOCALIZABILITY_NONLOCALIZED = YES;
				CLANG_ANALYZER_NONNULL = YES;
				CLANG_ANALYZER_NUMBER_OBJECT_CONVERSION = YES_AGGRESSIVE;
				CLANG_CXX_LANGUAGE_STANDARD = "gnu++14";
				CLANG_CXX_LIBRARY = "libc++";
				CLANG_ENABLE_MODULES = YES;
				CLANG_ENABLE_OBJC_ARC = YES;
				CLANG_ENABLE_OBJC_WEAK = YES;
				CLANG_WARN_BLOCK_CAPTURE_AUTORELEASING = YES;
				CLANG_WARN_BOOL_CONVERSION = YES;
				CLANG_WARN_COMMA = YES;
				CLANG_WARN_CONSTANT_CONVERSION = YES;
				CLANG_WARN_DEPRECATED_OBJC_IMPLEMENTATIONS = YES;
				CLANG_WARN_DIRECT_OBJC_ISA_USAGE = YES_ERROR;
				CLANG_WARN_DOCUMENTATION_COMMENTS = YES;
				CLANG_WARN_EMPTY_BODY = YES;
				CLANG_WARN_ENUM_CONVERSION = YES;
				CLANG_WARN_INFINITE_RECURSION = YES;
				CLANG_WARN_INT_CONVERSION = YES;
				CLANG_WARN_NON_LITERAL_NULL_CONVERSION = YES;
				CLANG_WARN_OBJC_IMPLICIT_RETAIN_SELF = YES;
				CLANG_WARN_OBJC_LITERAL_CONVERSION = YES;
				CLANG_WARN_OBJC_ROOT_CLASS = YES_ERROR;
				CLANG_WARN_QUOTED_INCLUDE_IN_FRAMEWORK_HEADER = YES;
				CLANG_WARN_RANGE_LOOP_ANALYSIS = YES;
				CLANG_WARN_STRICT_PROTOTYPES = YES;
				CLANG_WARN_SUSPICIOUS_MOVE = YES;
				CLANG_WARN_UNGUARDED_AVAILABILITY = YES_AGGRESSIVE;
				CLANG_WARN_UNREACHABLE_CODE = YES;
				CLANG_WARN__DUPLICATE_METHOD_MATCH = YES;
				COPY_PHASE_STRIP = NO;
				DEBUG_INFORMATION_FORMAT = dwarf;
				ENABLE_STRICT_OBJC_MSGSEND = YES;
				ENABLE_TESTABILITY = YES;
				GCC_C_LANGUAGE_STANDARD = gnu11;
				GCC_DYNAMIC_NO_PIC = NO;
				GCC_NO_COMMON_BLOCKS = YES;
				GCC_OPTIMIZATION_LEVEL = 0;
				GCC_PREPROCESSOR_DEFINITIONS = (
					"DEBUG=1",
					"$(inherited)",
				);
				GCC_WARN_64_TO_32_BIT_CONVERSION = YES;
				GCC_WARN_ABOUT_RETURN_TYPE = YES_ERROR;
				GCC_WARN_UNDECLARED_SELECTOR = YES;
				GCC_WARN_UNINITIALIZED_AUTOS = YES_AGGRESSIVE;
				GCC_WARN_UNUSED_FUNCTION = YES;
				GCC_WARN_UNUSED_VARIABLE = YES;
				IPHONEOS_DEPLOYMENT_TARGET = 14.4;
				MTL_ENABLE_DEBUG_INFO = INCLUDE_SOURCE;
				MTL_FAST_MATH = YES;
				ONLY_ACTIVE_ARCH = YES;
				SDKROOT = iphoneos;
				SWIFT_ACTIVE_COMPILATION_CONDITIONS = DEBUG;
				SWIFT_OPTIMIZATION_LEVEL = "-Onone";
			};
			name = Debug;
		};
		1A27405E26552E8900A7E99F /* Release */ = {
			isa = XCBuildConfiguration;
			buildSettings = {
				ALWAYS_SEARCH_USER_PATHS = NO;
				CLANG_ANALYZER_LOCALIZABILITY_NONLOCALIZED = YES;
				CLANG_ANALYZER_NONNULL = YES;
				CLANG_ANALYZER_NUMBER_OBJECT_CONVERSION = YES_AGGRESSIVE;
				CLANG_CXX_LANGUAGE_STANDARD = "gnu++14";
				CLANG_CXX_LIBRARY = "libc++";
				CLANG_ENABLE_MODULES = YES;
				CLANG_ENABLE_OBJC_ARC = YES;
				CLANG_ENABLE_OBJC_WEAK = YES;
				CLANG_WARN_BLOCK_CAPTURE_AUTORELEASING = YES;
				CLANG_WARN_BOOL_CONVERSION = YES;
				CLANG_WARN_COMMA = YES;
				CLANG_WARN_CONSTANT_CONVERSION = YES;
				CLANG_WARN_DEPRECATED_OBJC_IMPLEMENTATIONS = YES;
				CLANG_WARN_DIRECT_OBJC_ISA_USAGE = YES_ERROR;
				CLANG_WARN_DOCUMENTATION_COMMENTS = YES;
				CLANG_WARN_EMPTY_BODY = YES;
				CLANG_WARN_ENUM_CONVERSION = YES;
				CLANG_WARN_INFINITE_RECURSION = YES;
				CLANG_WARN_INT_CONVERSION = YES;
				CLANG_WARN_NON_LITERAL_NULL_CONVERSION = YES;
				CLANG_WARN_OBJC_IMPLICIT_RETAIN_SELF = YES;
				CLANG_WARN_OBJC_LITERAL_CONVERSION = YES;
				CLANG_WARN_OBJC_ROOT_CLASS = YES_ERROR;
				CLANG_WARN_QUOTED_INCLUDE_IN_FRAMEWORK_HEADER = YES;
				CLANG_WARN_RANGE_LOOP_ANALYSIS = YES;
				CLANG_WARN_STRICT_PROTOTYPES = YES;
				CLANG_WARN_SUSPICIOUS_MOVE = YES;
				CLANG_WARN_UNGUARDED_AVAILABILITY = YES_AGGRESSIVE;
				CLANG_WARN_UNREACHABLE_CODE = YES;
				CLANG_WARN__DUPLICATE_METHOD_MATCH = YES;
				COPY_PHASE_STRIP = NO;
				DEBUG_INFORMATION_FORMAT = "dwarf-with-dsym";
				ENABLE_NS_ASSERTIONS = NO;
				ENABLE_STRICT_OBJC_MSGSEND = YES;
				GCC_C_LANGUAGE_STANDARD = gnu11;
				GCC_NO_COMMON_BLOCKS = YES;
				GCC_WARN_64_TO_32_BIT_CONVERSION = YES;
				GCC_WARN_ABOUT_RETURN_TYPE = YES_ERROR;
				GCC_WARN_UNDECLARED_SELECTOR = YES;
				GCC_WARN_UNINITIALIZED_AUTOS = YES_AGGRESSIVE;
				GCC_WARN_UNUSED_FUNCTION = YES;
				GCC_WARN_UNUSED_VARIABLE = YES;
				IPHONEOS_DEPLOYMENT_TARGET = 14.4;
				MTL_ENABLE_DEBUG_INFO = NO;
				MTL_FAST_MATH = YES;
				SDKROOT = iphoneos;
				SWIFT_COMPILATION_MODE = wholemodule;
				SWIFT_OPTIMIZATION_LEVEL = "-O";
				VALIDATE_PRODUCT = YES;
			};
			name = Release;
		};
		1A27406026552E8900A7E99F /* Debug */ = {
			isa = XCBuildConfiguration;
			buildSettings = {
				ASSETCATALOG_COMPILER_APPICON_NAME = AppIcon;
				ASSETCATALOG_COMPILER_GLOBAL_ACCENT_COLOR_NAME = AccentColor;
				CODE_SIGN_STYLE = Automatic;
				DEVELOPMENT_TEAM = 2TFP9B86SX;
				INFOPLIST_FILE = "$(SRCROOT)/About My/Support/Info.plist";
				LD_RUNPATH_SEARCH_PATHS = (
					"$(inherited)",
					"@executable_path/Frameworks",
				);
				PRODUCT_BUNDLE_IDENTIFIER = "ru.ivan.My-summary";
				PRODUCT_NAME = "$(TARGET_NAME)";
				SWIFT_VERSION = 5.0;
				TARGETED_DEVICE_FAMILY = "1,2";
			};
			name = Debug;
		};
		1A27406126552E8900A7E99F /* Release */ = {
			isa = XCBuildConfiguration;
			buildSettings = {
				ASSETCATALOG_COMPILER_APPICON_NAME = AppIcon;
				ASSETCATALOG_COMPILER_GLOBAL_ACCENT_COLOR_NAME = AccentColor;
				CODE_SIGN_STYLE = Automatic;
				DEVELOPMENT_TEAM = 2TFP9B86SX;
				INFOPLIST_FILE = "$(SRCROOT)/About My/Support/Info.plist";
				LD_RUNPATH_SEARCH_PATHS = (
					"$(inherited)",
					"@executable_path/Frameworks",
				);
				PRODUCT_BUNDLE_IDENTIFIER = "ru.ivan.My-summary";
				PRODUCT_NAME = "$(TARGET_NAME)";
				SWIFT_VERSION = 5.0;
				TARGETED_DEVICE_FAMILY = "1,2";
			};
			name = Release;
		};
/* End XCBuildConfiguration section */

/* Begin XCConfigurationList section */
		1A27404626552E8800A7E99F /* Build configuration list for PBXProject "About My" */ = {
			isa = XCConfigurationList;
			buildConfigurations = (
				1A27405D26552E8900A7E99F /* Debug */,
				1A27405E26552E8900A7E99F /* Release */,
			);
			defaultConfigurationIsVisible = 0;
			defaultConfigurationName = Release;
		};
		1A27405F26552E8900A7E99F /* Build configuration list for PBXNativeTarget "About My" */ = {
			isa = XCConfigurationList;
			buildConfigurations = (
				1A27406026552E8900A7E99F /* Debug */,
				1A27406126552E8900A7E99F /* Release */,
			);
			defaultConfigurationIsVisible = 0;
			defaultConfigurationName = Release;
		};
/* End XCConfigurationList section */
	};
	rootObject = 1A27404326552E8800A7E99F /* Project object */;
}
